// !$*UTF8*$!
{
	archiveVersion = 1;
	classes = {
	};
	objectVersion = 46;
	objects = {

/* Begin PBXBuildFile section */
		BA1B588F1F56F32E00DD23C1 /* main.cpp in Sources */ = {isa = PBXBuildFile; fileRef = BA1B588E1F56F32E00DD23C1 /* main.cpp */; };
/* End PBXBuildFile section */

/* Begin PBXCopyFilesBuildPhase section */
		BA1B58891F56F32E00DD23C1 /* CopyFiles */ = {
			isa = PBXCopyFilesBuildPhase;
			buildActionMask = 2147483647;
			dstPath = /usr/share/man/man1/;
			dstSubfolderSpec = 0;
			files = (
			);
			runOnlyForDeploymentPostprocessing = 1;
		};
/* End PBXCopyFilesBuildPhase section */

/* Begin PBXFileReference section */
		BA1B588B1F56F32E00DD23C1 /* 2-unbigandsmall */ = {isa = PBXFileReference; explicitFileType = "compiled.mach-o.executable"; includeInIndex = 0; path = "2-unbigandsmall"; sourceTree = BUILT_PRODUCTS_DIR; };
		BA1B588E1F56F32E00DD23C1 /* main.cpp */ = {isa = PBXFileReference; lastKnownFileType = sourcecode.cpp.cpp; path = main.cpp; sourceTree = "<group>"; };
/* End PBXFileReference section */

/* Begin PBXFrameworksBuildPhase section */
		BA1B58881F56F32E00DD23C1 /* Frameworks */ = {
			isa = PBXFrameworksBuildPhase;
			buildActionMask = 2147483647;
			files = (
			);
			runOnlyForDeploymentPostprocessing = 0;
		};
/* End PBXFrameworksBuildPhase section */

/* Begin PBXGroup section */
		BA1B58821F56F32E00DD23C1 = {
			isa = PBXGroup;
			children = (
				BA1B588D1F56F32E00DD23C1 /* 2-unbigandsmall */,
				BA1B588C1F56F32E00DD23C1 /* Products */,
			);
			sourceTree = "<group>";
		};
		BA1B588C1F56F32E00DD23C1 /* Products */ = {
			isa = PBXGroup;
			children = (
				BA1B588B1F56F32E00DD23C1 /* 2-unbigandsmall */,
			);
			name = Products;
			sourceTree = "<group>";
		};
		BA1B588D1F56F32E00DD23C1 /* 2-unbigandsmall */ = {
			isa = PBXGroup;
			children = (
				BA1B588E1F56F32E00DD23C1 /* main.cpp */,
			);
			path = "2-unbigandsmall";
			sourceTree = "<group>";
		};
/* End PBXGroup section */

/* Begin PBXNativeTarget section */
		BA1B588A1F56F32E00DD23C1 /* 2-unbigandsmall */ = {
			isa = PBXNativeTarget;
			buildConfigurationList = BA1B58921F56F32E00DD23C1 /* Build configuration list for PBXNativeTarget "2-unbigandsmall" */;
			buildPhases = (
				BA1B58871F56F32E00DD23C1 /* Sources */,
				BA1B58881F56F32E00DD23C1 /* Frameworks */,
				BA1B58891F56F32E00DD23C1 /* CopyFiles */,
			);
			buildRules = (
			);
			dependencies = (
			);
			name = "2-unbigandsmall";
			productName = "2-unbigandsmall";
			productReference = BA1B588B1F56F32E00DD23C1 /* 2-unbigandsmall */;
			productType = "com.apple.product-type.tool";
		};
/* End PBXNativeTarget section */

/* Begin PBXProject section */
		BA1B58831F56F32E00DD23C1 /* Project object */ = {
			isa = PBXProject;
			attributes = {
				LastUpgradeCheck = 0730;
				ORGANIZATIONNAME = Dino;
				TargetAttributes = {
					BA1B588A1F56F32E00DD23C1 = {
						CreatedOnToolsVersion = 7.3;
					};
				};
			};
			buildConfigurationList = BA1B58861F56F32E00DD23C1 /* Build configuration list for PBXProject "2-unbigandsmall" */;
			compatibilityVersion = "Xcode 3.2";
			developmentRegion = English;
			hasScannedForEncodings = 0;
			knownRegions = (
				en,
			);
			mainGroup = BA1B58821F56F32E00DD23C1;
			productRefGroup = BA1B588C1F56F32E00DD23C1 /* Products */;
			projectDirPath = "";
			projectRoot = "";
			targets = (
				BA1B588A1F56F32E00DD23C1 /* 2-unbigandsmall */,
			);
		};
/* End PBXProject section */

/* Begin PBXSourcesBuildPhase section */
		BA1B58871F56F32E00DD23C1 /* Sources */ = {
			isa = PBXSourcesBuildPhase;
			buildActionMask = 2147483647;
			files = (
				BA1B588F1F56F32E00DD23C1 /* main.cpp in Sources */,
			);
			runOnlyForDeploymentPostprocessing = 0;
		};
/* End PBXSourcesBuildPhase section */

/* Begin XCBuildConfiguration section */
		BA1B58901F56F32E00DD23C1 /* Debug */ = {
			isa = XCBuildConfiguration;
			buildSettings = {
				ALWAYS_SEARCH_USER_PATHS = NO;
				CLANG_ANALYZER_NONNULL = YES;
				CLANG_CXX_LANGUAGE_STANDARD = "gnu++0x";
				CLANG_CXX_LIBRARY = "libc++";
				CLANG_ENABLE_MODULES = YES;
				CLANG_ENABLE_OBJC_ARC = YES;
				CLANG_WARN_BOOL_CONVERSION = YES;
				CLANG_WARN_CONSTANT_CONVERSION = YES;
				CLANG_WARN_DIRECT_OBJC_ISA_USAGE = YES_ERROR;
				CLANG_WARN_EMPTY_BODY = YES;
				CLANG_WARN_ENUM_CONVERSION = YES;
				CLANG_WARN_INT_CONVERSION = YES;
				CLANG_WARN_OBJC_ROOT_CLASS = YES_ERROR;
				CLANG_WARN_UNREACHABLE_CODE = YES;
				CLANG_WARN__DUPLICATE_METHOD_MATCH = YES;
				CODE_SIGN_IDENTITY = "-";
				COPY_PHASE_STRIP = NO;
				DEBUG_INFORMATION_FORMAT = dwarf;
				ENABLE_STRICT_OBJC_MSGSEND = YES;
				ENABLE_TESTABILITY = YES;
				GCC_C_LANGUAGE_STANDARD = gnu99;
				GCC_DYNAMIC_NO_PIC = NO;
				GCC_NO_COMMON_BLOCKS = YES;
				GCC_OPTIMIZATION_LEVEL = 0;
				GCC_PREPROCESSOR_DEFINITIONS = (
					"DEBUG=1",
					"$(inherited)",
				);
				GCC_WARN_64_TO_32_BIT_CONVERSION = YES;
				GCC_WARN_ABOUT_RETURN_TYPE = YES_ERROR;
				GCC_WARN_UNDECLARED_SELECTOR = YES;
				GCC_WARN_UNINITIALIZED_AUTOS = YES_AGGRESSIVE;
				GCC_WARN_UNUSED_FUNCTION = YES;
				GCC_WARN_UNUSED_VARIABLE = YES;
				MACOSX_DEPLOYMENT_TARGET = 10.11;
				MTL_ENABLE_DEBUG_INFO = YES;
				ONLY_ACTIVE_ARCH = YES;
				SDKROOT = macosx;
			};
			name = Debug;
		};
		BA1B58911F56F32E00DD23C1 /* Release */ = {
			isa = XCBuildConfiguration;
			buildSettings = {
				ALWAYS_SEARCH_USER_PATHS = NO;
				CLANG_ANALYZER_NONNULL = YES;
				CLANG_CXX_LANGUAGE_STANDARD = "gnu++0x";
				CLANG_CXX_LIBRARY = "libc++";
				CLANG_ENABLE_MODULES = YES;
				CLANG_ENABLE_OBJC_ARC = YES;
				CLANG_WARN_BOOL_CONVERSION = YES;
				CLANG_WARN_CONSTANT_CONVERSION = YES;
				CLANG_WARN_DIRECT_OBJC_ISA_USAGE = YES_ERROR;
				CLANG_WARN_EMPTY_BODY = YES;
				CLANG_WARN_ENUM_CONVERSION = YES;
				CLANG_WARN_INT_CONVERSION = YES;
				CLANG_WARN_OBJC_ROOT_CLASS = YES_ERROR;
				CLANG_WARN_UNREACHABLE_CODE = YES;
				CLANG_WARN__DUPLICATE_METHOD_MATCH = YES;
				CODE_SIGN_IDENTITY = "-";
				COPY_PHASE_STRIP = NO;
				DEBUG_INFORMATION_FORMAT = "dwarf-with-dsym";
				ENABLE_NS_ASSERTIONS = NO;
				ENABLE_STRICT_OBJC_MSGSEND = YES;
				GCC_C_LANGUAGE_STANDARD = gnu99;
				GCC_NO_COMMON_BLOCKS = YES;
				GCC_WARN_64_TO_32_BIT_CONVERSION = YES;
				GCC_WARN_ABOUT_RETURN_TYPE = YES_ERROR;
				GCC_WARN_UNDECLARED_SELECTOR = YES;
				GCC_WARN_UNINITIALIZED_AUTOS = YES_AGGRESSIVE;
				GCC_WARN_UNUSED_FUNCTION = YES;
				GCC_WARN_UNUSED_VARIABLE = YES;
				MACOSX_DEPLOYMENT_TARGET = 10.11;
				MTL_ENABLE_DEBUG_INFO = NO;
				SDKROOT = macosx;
			};
			name = Release;
		};
		BA1B58931F56F32E00DD23C1 /* Debug */ = {
			isa = XCBuildConfiguration;
			buildSettings = {
				PRODUCT_NAME = "$(TARGET_NAME)";
			};
			name = Debug;
		};
		BA1B58941F56F32E00DD23C1 /* Release */ = {
			isa = XCBuildConfiguration;
			buildSettings = {
				PRODUCT_NAME = "$(TARGET_NAME)";
			};
			name = Release;
		};
/* End XCBuildConfiguration section */

/* Begin XCConfigurationList section */
		BA1B58861F56F32E00DD23C1 /* Build configuration list for PBXProject "2-unbigandsmall" */ = {
			isa = XCConfigurationList;
			buildConfigurations = (
				BA1B58901F56F32E00DD23C1 /* Debug */,
				BA1B58911F56F32E00DD23C1 /* Release */,
			);
			defaultConfigurationIsVisible = 0;
			defaultConfigurationName = Release;
		};
		BA1B58921F56F32E00DD23C1 /* Build configuration list for PBXNativeTarget "2-unbigandsmall" */ = {
			isa = XCConfigurationList;
			buildConfigurations = (
				BA1B58931F56F32E00DD23C1 /* Debug */,
				BA1B58941F56F32E00DD23C1 /* Release */,
			);
			defaultConfigurationIsVisible = 0;
		};
/* End XCConfigurationList section */
	};
	rootObject = BA1B58831F56F32E00DD23C1 /* Project object */;
}
